
Microsoft Visual Studio Solution File, Format Version 12.00
# Visual Studio Version 16
VisualStudioVersion = 16.0.31410.357
MinimumVisualStudioVersion = 10.0.40219.1
Project("{FAE04EC0-301F-11D3-BF4B-00C04F79EFBC}") = "HttpJSONServer", "HttpJSONServer.csproj", "{148721A4-24FA-48E7-B825-9358C118C23B}"
EndProject
Global
	GlobalSection(SolutionConfigurationPlatforms) = preSolution
		Debug|Any CPU = Debug|Any CPU
		Release|Any CPU = Release|Any CPU
	EndGlobalSection
	GlobalSection(ProjectConfigurationPlatforms) = postSolution
		{148721A4-24FA-48E7-B825-9358C118C23B}.Debug|Any CPU.ActiveCfg = Debug|Any CPU
		{148721A4-24FA-48E7-B825-9358C118C23B}.Debug|Any CPU.Build.0 = Debug|Any CPU
		{148721A4-24FA-48E7-B825-9358C118C23B}.Release|Any CPU.ActiveCfg = Release|Any CPU
		{148721A4-24FA-48E7-B825-9358C118C23B}.Release|Any CPU.Build.0 = Release|Any CPU
	EndGlobalSection
	GlobalSection(SolutionProperties) = preSolution
		HideSolutionNode = FALSE
	EndGlobalSection
	GlobalSection(ExtensibilityGlobals) = postSolution
		SolutionGuid = {32FCEEBD-37B5-4D4E-8246-8369F155A56A}
	EndGlobalSection
EndGlobal
